# This file is automatically @generated by Cargo.
# It is not intended for manual editing.
version = 3

[[package]]
name = "flipper-snake-rs"
version = "0.1.0"
dependencies = [
 "flipperzero",
 "flipperzero-rt",
 "flipperzero-sys",
]

[[package]]
name = "flipperzero"
version = "0.3.1"
source = "registry+https://github.com/rust-lang/crates.io-index"
checksum = "33604d9910786e8735b7acb99bec4421ccf6726b82b06ee99216a0a259c61f79"
dependencies = [
 "flipperzero-sys",
]

[[package]]
name = "flipperzero-rt"
version = "0.3.1"
source = "registry+https://github.com/rust-lang/crates.io-index"
checksum = "2888aa6185f0bf4c760a8232b34c9b3044acab73e9ba09a7a5de6ccb95a48103"
dependencies = [
 "flipperzero-sys",
]

[[package]]
name = "flipperzero-sys"
version = "0.3.1"
source = "registry+https://github.com/rust-lang/crates.io-index"
checksum = "58251e10ceec4d70fdcc10be5d146aa651a89ca82f9585910d0326b5b995631d"
